// !$*UTF8*$!
{
	archiveVersion = 1;
	classes = {
	};
	objectVersion = 46;
	objects = {

/* Begin PBXBuildFile section */
		93F701561BA65983001818B4 /* main.m in Sources */ = {isa = PBXBuildFile; fileRef = 93F701551BA65983001818B4 /* main.m */; };
		93F701591BA65983001818B4 /* AppDelegate.m in Sources */ = {isa = PBXBuildFile; fileRef = 93F701581BA65983001818B4 /* AppDelegate.m */; };
		93F7015C1BA65983001818B4 /* ViewController.m in Sources */ = {isa = PBXBuildFile; fileRef = 93F7015B1BA65983001818B4 /* ViewController.m */; };
		93F7015F1BA65983001818B4 /* Main.storyboard in Resources */ = {isa = PBXBuildFile; fileRef = 93F7015D1BA65983001818B4 /* Main.storyboard */; };
		93F701611BA65983001818B4 /* Images.xcassets in Resources */ = {isa = PBXBuildFile; fileRef = 93F701601BA65983001818B4 /* Images.xcassets */; };
		93F701641BA65983001818B4 /* LaunchScreen.xib in Resources */ = {isa = PBXBuildFile; fileRef = 93F701621BA65983001818B4 /* LaunchScreen.xib */; };
		93F701701BA65983001818B4 /* simpleAnimationTests.m in Sources */ = {isa = PBXBuildFile; fileRef = 93F7016F1BA65983001818B4 /* simpleAnimationTests.m */; };
/* End PBXBuildFile section */

/* Begin PBXContainerItemProxy section */
		93F7016A1BA65983001818B4 /* PBXContainerItemProxy */ = {
			isa = PBXContainerItemProxy;
			containerPortal = 93F701481BA65983001818B4 /* Project object */;
			proxyType = 1;
			remoteGlobalIDString = 93F7014F1BA65983001818B4;
			remoteInfo = simpleAnimation;
		};
/* End PBXContainerItemProxy section */

/* Begin PBXFileReference section */
		93F701501BA65983001818B4 /* simpleAnimation.app */ = {isa = PBXFileReference; explicitFileType = wrapper.application; includeInIndex = 0; path = simpleAnimation.app; sourceTree = BUILT_PRODUCTS_DIR; };
		93F701541BA65983001818B4 /* Info.plist */ = {isa = PBXFileReference; lastKnownFileType = text.plist.xml; path = Info.plist; sourceTree = "<group>"; };
		93F701551BA65983001818B4 /* main.m */ = {isa = PBXFileReference; lastKnownFileType = sourcecode.c.objc; path = main.m; sourceTree = "<group>"; };
		93F701571BA65983001818B4 /* AppDelegate.h */ = {isa = PBXFileReference; lastKnownFileType = sourcecode.c.h; path = AppDelegate.h; sourceTree = "<group>"; };
		93F701581BA65983001818B4 /* AppDelegate.m */ = {isa = PBXFileReference; lastKnownFileType = sourcecode.c.objc; path = AppDelegate.m; sourceTree = "<group>"; };
		93F7015A1BA65983001818B4 /* ViewController.h */ = {isa = PBXFileReference; lastKnownFileType = sourcecode.c.h; path = ViewController.h; sourceTree = "<group>"; };
		93F7015B1BA65983001818B4 /* ViewController.m */ = {isa = PBXFileReference; lastKnownFileType = sourcecode.c.objc; path = ViewController.m; sourceTree = "<group>"; };
		93F7015E1BA65983001818B4 /* Base */ = {isa = PBXFileReference; lastKnownFileType = file.storyboard; name = Base; path = Base.lproj/Main.storyboard; sourceTree = "<group>"; };
		93F701601BA65983001818B4 /* Images.xcassets */ = {isa = PBXFileReference; lastKnownFileType = folder.assetcatalog; path = Images.xcassets; sourceTree = "<group>"; };
		93F701631BA65983001818B4 /* Base */ = {isa = PBXFileReference; lastKnownFileType = file.xib; name = Base; path = Base.lproj/LaunchScreen.xib; sourceTree = "<group>"; };
		93F701691BA65983001818B4 /* simpleAnimationTests.xctest */ = {isa = PBXFileReference; explicitFileType = wrapper.cfbundle; includeInIndex = 0; path = simpleAnimationTests.xctest; sourceTree = BUILT_PRODUCTS_DIR; };
		93F7016E1BA65983001818B4 /* Info.plist */ = {isa = PBXFileReference; lastKnownFileType = text.plist.xml; path = Info.plist; sourceTree = "<group>"; };
		93F7016F1BA65983001818B4 /* simpleAnimationTests.m */ = {isa = PBXFileReference; lastKnownFileType = sourcecode.c.objc; path = simpleAnimationTests.m; sourceTree = "<group>"; };
/* End PBXFileReference section */

/* Begin PBXFrameworksBuildPhase section */
		93F7014D1BA65983001818B4 /* Frameworks */ = {
			isa = PBXFrameworksBuildPhase;
			buildActionMask = 2147483647;
			files = (
			);
			runOnlyForDeploymentPostprocessing = 0;
		};
		93F701661BA65983001818B4 /* Frameworks */ = {
			isa = PBXFrameworksBuildPhase;
			buildActionMask = 2147483647;
			files = (
			);
			runOnlyForDeploymentPostprocessing = 0;
		};
/* End PBXFrameworksBuildPhase section */

/* Begin PBXGroup section */
		93F701471BA65983001818B4 = {
			isa = PBXGroup;
			children = (
				93F701521BA65983001818B4 /* simpleAnimation */,
				93F7016C1BA65983001818B4 /* simpleAnimationTests */,
				93F701511BA65983001818B4 /* Products */,
			);
			sourceTree = "<group>";
		};
		93F701511BA65983001818B4 /* Products */ = {
			isa = PBXGroup;
			children = (
				93F701501BA65983001818B4 /* simpleAnimation.app */,
				93F701691BA65983001818B4 /* simpleAnimationTests.xctest */,
			);
			name = Products;
			sourceTree = "<group>";
		};
		93F701521BA65983001818B4 /* simpleAnimation */ = {
			isa = PBXGroup;
			children = (
				93F701571BA65983001818B4 /* AppDelegate.h */,
				93F701581BA65983001818B4 /* AppDelegate.m */,
				93F7015A1BA65983001818B4 /* ViewController.h */,
				93F7015B1BA65983001818B4 /* ViewController.m */,
				93F7015D1BA65983001818B4 /* Main.storyboard */,
				93F701601BA65983001818B4 /* Images.xcassets */,
				93F701621BA65983001818B4 /* LaunchScreen.xib */,
				93F701531BA65983001818B4 /* Supporting Files */,
			);
			path = simpleAnimation;
			sourceTree = "<group>";
		};
		93F701531BA65983001818B4 /* Supporting Files */ = {
			isa = PBXGroup;
			children = (
				93F701541BA65983001818B4 /* Info.plist */,
				93F701551BA65983001818B4 /* main.m */,
			);
			name = "Supporting Files";
			sourceTree = "<group>";
		};
		93F7016C1BA65983001818B4 /* simpleAnimationTests */ = {
			isa = PBXGroup;
			children = (
				93F7016F1BA65983001818B4 /* simpleAnimationTests.m */,
				93F7016D1BA65983001818B4 /* Supporting Files */,
			);
			path = simpleAnimationTests;
			sourceTree = "<group>";
		};
		93F7016D1BA65983001818B4 /* Supporting Files */ = {
			isa = PBXGroup;
			children = (
				93F7016E1BA65983001818B4 /* Info.plist */,
			);
			name = "Supporting Files";
			sourceTree = "<group>";
		};
/* End PBXGroup section */

/* Begin PBXNativeTarget section */
		93F7014F1BA65983001818B4 /* simpleAnimation */ = {
			isa = PBXNativeTarget;
			buildConfigurationList = 93F701731BA65983001818B4 /* Build configuration list for PBXNativeTarget "simpleAnimation" */;
			buildPhases = (
				93F7014C1BA65983001818B4 /* Sources */,
				93F7014D1BA65983001818B4 /* Frameworks */,
				93F7014E1BA65983001818B4 /* Resources */,
			);
			buildRules = (
			);
			dependencies = (
			);
			name = simpleAnimation;
			productName = simpleAnimation;
			productReference = 93F701501BA65983001818B4 /* simpleAnimation.app */;
			productType = "com.apple.product-type.application";
		};
		93F701681BA65983001818B4 /* simpleAnimationTests */ = {
			isa = PBXNativeTarget;
			buildConfigurationList = 93F701761BA65983001818B4 /* Build configuration list for PBXNativeTarget "simpleAnimationTests" */;
			buildPhases = (
				93F701651BA65983001818B4 /* Sources */,
				93F701661BA65983001818B4 /* Frameworks */,
				93F701671BA65983001818B4 /* Resources */,
			);
			buildRules = (
			);
			dependencies = (
				93F7016B1BA65983001818B4 /* PBXTargetDependency */,
			);
			name = simpleAnimationTests;
			productName = simpleAnimationTests;
			productReference = 93F701691BA65983001818B4 /* simpleAnimationTests.xctest */;
			productType = "com.apple.product-type.bundle.unit-test";
		};
/* End PBXNativeTarget section */

/* Begin PBXProject section */
		93F701481BA65983001818B4 /* Project object */ = {
			isa = PBXProject;
			attributes = {
				LastUpgradeCheck = 0630;
				ORGANIZATIONNAME = test;
				TargetAttributes = {
					93F7014F1BA65983001818B4 = {
						CreatedOnToolsVersion = 6.3;
					};
					93F701681BA65983001818B4 = {
						CreatedOnToolsVersion = 6.3;
						TestTargetID = 93F7014F1BA65983001818B4;
					};
				};
			};
			buildConfigurationList = 93F7014B1BA65983001818B4 /* Build configuration list for PBXProject "simpleAnimation" */;
			compatibilityVersion = "Xcode 3.2";
			developmentRegion = English;
			hasScannedForEncodings = 0;
			knownRegions = (
				en,
				Base,
			);
			mainGroup = 93F701471BA65983001818B4;
			productRefGroup = 93F701511BA65983001818B4 /* Products */;
			projectDirPath = "";
			projectRoot = "";
			targets = (
				93F7014F1BA65983001818B4 /* simpleAnimation */,
				93F701681BA65983001818B4 /* simpleAnimationTests */,
			);
		};
/* End PBXProject section */

/* Begin PBXResourcesBuildPhase section */
		93F7014E1BA65983001818B4 /* Resources */ = {
			isa = PBXResourcesBuildPhase;
			buildActionMask = 2147483647;
			files = (
				93F7015F1BA65983001818B4 /* Main.storyboard in Resources */,
				93F701641BA65983001818B4 /* LaunchScreen.xib in Resources */,
				93F701611BA65983001818B4 /* Images.xcassets in Resources */,
			);
			runOnlyForDeploymentPostprocessing = 0;
		};
		93F701671BA65983001818B4 /* Resources */ = {
			isa = PBXResourcesBuildPhase;
			buildActionMask = 2147483647;
			files = (
			);
			runOnlyForDeploymentPostprocessing = 0;
		};
/* End PBXResourcesBuildPhase section */

/* Begin PBXSourcesBuildPhase section */
		93F7014C1BA65983001818B4 /* Sources */ = {
			isa = PBXSourcesBuildPhase;
			buildActionMask = 2147483647;
			files = (
				93F7015C1BA65983001818B4 /* ViewController.m in Sources */,
				93F701591BA65983001818B4 /* AppDelegate.m in Sources */,
				93F701561BA65983001818B4 /* main.m in Sources */,
			);
			runOnlyForDeploymentPostprocessing = 0;
		};
		93F701651BA65983001818B4 /* Sources */ = {
			isa = PBXSourcesBuildPhase;
			buildActionMask = 2147483647;
			files = (
				93F701701BA65983001818B4 /* simpleAnimationTests.m in Sources */,
			);
			runOnlyForDeploymentPostprocessing = 0;
		};
/* End PBXSourcesBuildPhase section */

/* Begin PBXTargetDependency section */
		93F7016B1BA65983001818B4 /* PBXTargetDependency */ = {
			isa = PBXTargetDependency;
			target = 93F7014F1BA65983001818B4 /* simpleAnimation */;
			targetProxy = 93F7016A1BA65983001818B4 /* PBXContainerItemProxy */;
		};
/* End PBXTargetDependency section */

/* Begin PBXVariantGroup section */
		93F7015D1BA65983001818B4 /* Main.storyboard */ = {
			isa = PBXVariantGroup;
			children = (
				93F7015E1BA65983001818B4 /* Base */,
			);
			name = Main.storyboard;
			sourceTree = "<group>";
		};
		93F701621BA65983001818B4 /* LaunchScreen.xib */ = {
			isa = PBXVariantGroup;
			children = (
				93F701631BA65983001818B4 /* Base */,
			);
			name = LaunchScreen.xib;
			sourceTree = "<group>";
		};
/* End PBXVariantGroup section */

/* Begin XCBuildConfiguration section */
		93F701711BA65983001818B4 /* Debug */ = {
			isa = XCBuildConfiguration;
			buildSettings = {
				ALWAYS_SEARCH_USER_PATHS = NO;
				CLANG_CXX_LANGUAGE_STANDARD = "gnu++0x";
				CLANG_CXX_LIBRARY = "libc++";
				CLANG_ENABLE_MODULES = YES;
				CLANG_ENABLE_OBJC_ARC = YES;
				CLANG_WARN_BOOL_CONVERSION = YES;
				CLANG_WARN_CONSTANT_CONVERSION = YES;
				CLANG_WARN_DIRECT_OBJC_ISA_USAGE = YES_ERROR;
				CLANG_WARN_EMPTY_BODY = YES;
				CLANG_WARN_ENUM_CONVERSION = YES;
				CLANG_WARN_INT_CONVERSION = YES;
				CLANG_WARN_OBJC_ROOT_CLASS = YES_ERROR;
				CLANG_WARN_UNREACHABLE_CODE = YES;
				CLANG_WARN__DUPLICATE_METHOD_MATCH = YES;
				"CODE_SIGN_IDENTITY[sdk=iphoneos*]" = "iPhone Developer";
				COPY_PHASE_STRIP = NO;
				DEBUG_INFORMATION_FORMAT = "dwarf-with-dsym";
				ENABLE_STRICT_OBJC_MSGSEND = YES;
				GCC_C_LANGUAGE_STANDARD = gnu99;
				GCC_DYNAMIC_NO_PIC = NO;
				GCC_NO_COMMON_BLOCKS = YES;
				GCC_OPTIMIZATION_LEVEL = 0;
				GCC_PREPROCESSOR_DEFINITIONS = (
					"DEBUG=1",
					"$(inherited)",
				);
				GCC_SYMBOLS_PRIVATE_EXTERN = NO;
				GCC_WARN_64_TO_32_BIT_CONVERSION = YES;
				GCC_WARN_ABOUT_RETURN_TYPE = YES_ERROR;
				GCC_WARN_UNDECLARED_SELECTOR = YES;
				GCC_WARN_UNINITIALIZED_AUTOS = YES_AGGRESSIVE;
				GCC_WARN_UNUSED_FUNCTION = YES;
				GCC_WARN_UNUSED_VARIABLE = YES;
				IPHONEOS_DEPLOYMENT_TARGET = 8.3;
				MTL_ENABLE_DEBUG_INFO = YES;
				ONLY_ACTIVE_ARCH = YES;
				SDKROOT = iphoneos;
				TARGETED_DEVICE_FAMILY = "1,2";
			};
			name = Debug;
		};
		93F701721BA65983001818B4 /* Release */ = {
			isa = XCBuildConfiguration;
			buildSettings = {
				ALWAYS_SEARCH_USER_PATHS = NO;
				CLANG_CXX_LANGUAGE_STANDARD = "gnu++0x";
				CLANG_CXX_LIBRARY = "libc++";
				CLANG_ENABLE_MODULES = YES;
				CLANG_ENABLE_OBJC_ARC = YES;
				CLANG_WARN_BOOL_CONVERSION = YES;
				CLANG_WARN_CONSTANT_CONVERSION = YES;
				CLANG_WARN_DIRECT_OBJC_ISA_USAGE = YES_ERROR;
				CLANG_WARN_EMPTY_BODY = YES;
				CLANG_WARN_ENUM_CONVERSION = YES;
				CLANG_WARN_INT_CONVERSION = YES;
				CLANG_WARN_OBJC_ROOT_CLASS = YES_ERROR;
				CLANG_WARN_UNREACHABLE_CODE = YES;
				CLANG_WARN__DUPLICATE_METHOD_MATCH = YES;
				"CODE_SIGN_IDENTITY[sdk=iphoneos*]" = "iPhone Developer";
				COPY_PHASE_STRIP = NO;
				DEBUG_INFORMATION_FORMAT = "dwarf-with-dsym";
				ENABLE_NS_ASSERTIONS = NO;
				ENABLE_STRICT_OBJC_MSGSEND = YES;
				GCC_C_LANGUAGE_STANDARD = gnu99;
				GCC_NO_COMMON_BLOCKS = YES;
				GCC_WARN_64_TO_32_BIT_CONVERSION = YES;
				GCC_WARN_ABOUT_RETURN_TYPE = YES_ERROR;
				GCC_WARN_UNDECLARED_SELECTOR = YES;
				GCC_WARN_UNINITIALIZED_AUTOS = YES_AGGRESSIVE;
				GCC_WARN_UNUSED_FUNCTION = YES;
				GCC_WARN_UNUSED_VARIABLE = YES;
				IPHONEOS_DEPLOYMENT_TARGET = 8.3;
				MTL_ENABLE_DEBUG_INFO = NO;
				SDKROOT = iphoneos;
				TARGETED_DEVICE_FAMILY = "1,2";
				VALIDATE_PRODUCT = YES;
			};
			name = Release;
		};
		93F701741BA65983001818B4 /* Debug */ = {
			isa = XCBuildConfiguration;
			buildSettings = {
				ASSETCATALOG_COMPILER_APPICON_NAME = AppIcon;
				INFOPLIST_FILE = simpleAnimation/Info.plist;
				LD_RUNPATH_SEARCH_PATHS = "$(inherited) @executable_path/Frameworks";
				PRODUCT_NAME = "$(TARGET_NAME)";
			};
			name = Debug;
		};
		93F701751BA65983001818B4 /* Release */ = {
			isa = XCBuildConfiguration;
			buildSettings = {
				ASSETCATALOG_COMPILER_APPICON_NAME = AppIcon;
				INFOPLIST_FILE = simpleAnimation/Info.plist;
				LD_RUNPATH_SEARCH_PATHS = "$(inherited) @executable_path/Frameworks";
				PRODUCT_NAME = "$(TARGET_NAME)";
			};
			name = Release;
		};
		93F701771BA65983001818B4 /* Debug */ = {
			isa = XCBuildConfiguration;
			buildSettings = {
				BUNDLE_LOADER = "$(TEST_HOST)";
				FRAMEWORK_SEARCH_PATHS = (
					"$(SDKROOT)/Developer/Library/Frameworks",
					"$(inherited)",
				);
				GCC_PREPROCESSOR_DEFINITIONS = (
					"DEBUG=1",
					"$(inherited)",
				);
				INFOPLIST_FILE = simpleAnimationTests/Info.plist;
				LD_RUNPATH_SEARCH_PATHS = "$(inherited) @executable_path/Frameworks @loader_path/Frameworks";
				PRODUCT_NAME = "$(TARGET_NAME)";
				TEST_HOST = "$(BUILT_PRODUCTS_DIR)/simpleAnimation.app/simpleAnimation";
			};
			name = Debug;
		};
		93F701781BA65983001818B4 /* Release */ = {
			isa = XCBuildConfiguration;
			buildSettings = {
				BUNDLE_LOADER = "$(TEST_HOST)";
				FRAMEWORK_SEARCH_PATHS = (
					"$(SDKROOT)/Developer/Library/Frameworks",
					"$(inherited)",
				);
				INFOPLIST_FILE = simpleAnimationTests/Info.plist;
				LD_RUNPATH_SEARCH_PATHS = "$(inherited) @executable_path/Frameworks @loader_path/Frameworks";
				PRODUCT_NAME = "$(TARGET_NAME)";
				TEST_HOST = "$(BUILT_PRODUCTS_DIR)/simpleAnimation.app/simpleAnimation";
			};
			name = Release;
		};
/* End XCBuildConfiguration section */

/* Begin XCConfigurationList section */
		93F7014B1BA65983001818B4 /* Build configuration list for PBXProject "simpleAnimation" */ = {
			isa = XCConfigurationList;
			buildConfigurations = (
				93F701711BA65983001818B4 /* Debug */,
				93F701721BA65983001818B4 /* Release */,
			);
			defaultConfigurationIsVisible = 0;
			defaultConfigurationName = Release;
		};
		93F701731BA65983001818B4 /* Build configuration list for PBXNativeTarget "simpleAnimation" */ = {
			isa = XCConfigurationList;
			buildConfigurations = (
				93F701741BA65983001818B4 /* Debug */,
				93F701751BA65983001818B4 /* Release */,
			);
			defaultConfigurationIsVisible = 0;
		};
		93F701761BA65983001818B4 /* Build configuration list for PBXNativeTarget "simpleAnimationTests" */ = {
			isa = XCConfigurationList;
			buildConfigurations = (
				93F701771BA65983001818B4 /* Debug */,
				93F701781BA65983001818B4 /* Release */,
			);
			defaultConfigurationIsVisible = 0;
		};
/* End XCConfigurationList section */
	};
	rootObject = 93F701481BA65983001818B4 /* Project object */;
}
